
Microsoft Visual Studio Solution File, Format Version 12.00
# Visual Studio 15
VisualStudioVersion = 15.0.28307.1082
MinimumVisualStudioVersion = 10.0.40219.1
Project("{E24C65DC-7377-472B-9ABA-BC803B73C61A}") = "IndianCart", "IndianCart\", "{6E317C0E-209C-4102-9709-96C97268E088}"
	ProjectSection(WebsiteProperties) = preProject
		TargetFrameworkMoniker = ".NETFramework,Version%3Dv4.6.1"
		Debug.AspNetCompiler.VirtualPath = "/localhost_5137"
		Debug.AspNetCompiler.PhysicalPath = "IndianCart\"
		Debug.AspNetCompiler.TargetPath = "PrecompiledWeb\localhost_5137\"
		Debug.AspNetCompiler.Updateable = "true"
		Debug.AspNetCompiler.ForceOverwrite = "true"
		Debug.AspNetCompiler.FixedNames = "false"
		Debug.AspNetCompiler.Debug = "True"
		Release.AspNetCompiler.VirtualPath = "/localhost_5137"
		Release.AspNetCompiler.PhysicalPath = "IndianCart\"
		Release.AspNetCompiler.TargetPath = "PrecompiledWeb\localhost_5137\"
		Release.AspNetCompiler.Updateable = "true"
		Release.AspNetCompiler.ForceOverwrite = "true"
		Release.AspNetCompiler.FixedNames = "false"
		Release.AspNetCompiler.Debug = "False"
		VWDPort = "5137"
		SlnRelativePath = "IndianCart\"
		DefaultWebSiteLanguage = "Visual C#"
	EndProjectSection
EndProject
Global
	GlobalSection(SolutionConfigurationPlatforms) = preSolution
		Debug|Any CPU = Debug|Any CPU
	EndGlobalSection
	GlobalSection(ProjectConfigurationPlatforms) = postSolution
		{6E317C0E-209C-4102-9709-96C97268E088}.Debug|Any CPU.ActiveCfg = Debug|Any CPU
		{6E317C0E-209C-4102-9709-96C97268E088}.Debug|Any CPU.Build.0 = Debug|Any CPU
	EndGlobalSection
	GlobalSection(SolutionProperties) = preSolution
		HideSolutionNode = FALSE
	EndGlobalSection
	GlobalSection(ExtensibilityGlobals) = postSolution
		SolutionGuid = {C5756060-EC18-45AE-808A-6C38A811A768}
	EndGlobalSection
EndGlobal
